// !$*UTF8*$!
{
	archiveVersion = 1;
	classes = {
	};
	objectVersion = 46;
	objects = {

/* Begin PBXBuildFile section */
		5A4823641A1E2C9C00D547C7 /* WatchKit.framework in Frameworks */ = {isa = PBXBuildFile; fileRef = 5A4823631A1E2C9C00D547C7 /* WatchKit.framework */; };
		5A48236A1A1E2C9D00D547C7 /* InterfaceController.swift in Sources */ = {isa = PBXBuildFile; fileRef = 5A4823691A1E2C9D00D547C7 /* InterfaceController.swift */; };
		5A48236C1A1E2C9D00D547C7 /* NotificationController.swift in Sources */ = {isa = PBXBuildFile; fileRef = 5A48236B1A1E2C9D00D547C7 /* NotificationController.swift */; };
		5A48236E1A1E2C9D00D547C7 /* GlanceController.swift in Sources */ = {isa = PBXBuildFile; fileRef = 5A48236D1A1E2C9D00D547C7 /* GlanceController.swift */; };
		5A4823701A1E2C9D00D547C7 /* Images.xcassets in Resources */ = {isa = PBXBuildFile; fileRef = 5A48236F1A1E2C9D00D547C7 /* Images.xcassets */; };
		5A4823741A1E2C9D00D547C7 /* Apple_Watch Watch App.app in Resources */ = {isa = PBXBuildFile; fileRef = 5A4823731A1E2C9D00D547C7 /* Apple_Watch Watch App.app */; };
		5A48237B1A1E2C9D00D547C7 /* Interface.storyboard in Resources */ = {isa = PBXBuildFile; fileRef = 5A48237A1A1E2C9D00D547C7 /* Interface.storyboard */; };
		5A48237D1A1E2C9D00D547C7 /* Images.xcassets in Resources */ = {isa = PBXBuildFile; fileRef = 5A48237C1A1E2C9D00D547C7 /* Images.xcassets */; };
		5A4823801A1E2C9D00D547C7 /* Apple_Watch WatchKit Extension.appex in Embed App Extensions */ = {isa = PBXBuildFile; fileRef = 5A4823611A1E2C9C00D547C7 /* Apple_Watch WatchKit Extension.appex */; settings = {ATTRIBUTES = (RemoveHeadersOnCopy, ); }; };
		5A4823891A1E423B00D547C7 /* MapKit.framework in Frameworks */ = {isa = PBXBuildFile; fileRef = 5A4823881A1E423B00D547C7 /* MapKit.framework */; };
		5A48238B1A1E424700D547C7 /* CoreLocation.framework in Frameworks */ = {isa = PBXBuildFile; fileRef = 5A48238A1A1E424700D547C7 /* CoreLocation.framework */; };
		5AACCC891A1E29300004F09D /* AppDelegate.swift in Sources */ = {isa = PBXBuildFile; fileRef = 5AACCC881A1E29300004F09D /* AppDelegate.swift */; };
		5AACCC8B1A1E29300004F09D /* ViewController.swift in Sources */ = {isa = PBXBuildFile; fileRef = 5AACCC8A1A1E29300004F09D /* ViewController.swift */; };
		5AACCC8E1A1E29300004F09D /* Main.storyboard in Resources */ = {isa = PBXBuildFile; fileRef = 5AACCC8C1A1E29300004F09D /* Main.storyboard */; };
		5AACCC901A1E29300004F09D /* Images.xcassets in Resources */ = {isa = PBXBuildFile; fileRef = 5AACCC8F1A1E29300004F09D /* Images.xcassets */; };
		5AACCC931A1E29300004F09D /* LaunchScreen.xib in Resources */ = {isa = PBXBuildFile; fileRef = 5AACCC911A1E29300004F09D /* LaunchScreen.xib */; };
		5AACCC9F1A1E29300004F09D /* Apple_WatchTests.swift in Sources */ = {isa = PBXBuildFile; fileRef = 5AACCC9E1A1E29300004F09D /* Apple_WatchTests.swift */; };
/* End PBXBuildFile section */

/* Begin PBXContainerItemProxy section */
		5A4823751A1E2C9D00D547C7 /* PBXContainerItemProxy */ = {
			isa = PBXContainerItemProxy;
			containerPortal = 5AACCC7B1A1E29300004F09D /* Project object */;
			proxyType = 1;
			remoteGlobalIDString = 5A4823721A1E2C9D00D547C7;
			remoteInfo = "Apple_Watch Watch App";
		};
		5A48237E1A1E2C9D00D547C7 /* PBXContainerItemProxy */ = {
			isa = PBXContainerItemProxy;
			containerPortal = 5AACCC7B1A1E29300004F09D /* Project object */;
			proxyType = 1;
			remoteGlobalIDString = 5A4823601A1E2C9C00D547C7;
			remoteInfo = "Apple_Watch WatchKit Extension";
		};
		5AACCC991A1E29300004F09D /* PBXContainerItemProxy */ = {
			isa = PBXContainerItemProxy;
			containerPortal = 5AACCC7B1A1E29300004F09D /* Project object */;
			proxyType = 1;
			remoteGlobalIDString = 5AACCC821A1E29300004F09D;
			remoteInfo = Apple_Watch;
		};
/* End PBXContainerItemProxy section */

/* Begin PBXCopyFilesBuildPhase section */
		5A4823871A1E2C9D00D547C7 /* Embed App Extensions */ = {
			isa = PBXCopyFilesBuildPhase;
			buildActionMask = 2147483647;
			dstPath = "";
			dstSubfolderSpec = 13;
			files = (
				5A4823801A1E2C9D00D547C7 /* Apple_Watch WatchKit Extension.appex in Embed App Extensions */,
			);
			name = "Embed App Extensions";
			runOnlyForDeploymentPostprocessing = 0;
		};
/* End PBXCopyFilesBuildPhase section */

/* Begin PBXFileReference section */
		5A4823611A1E2C9C00D547C7 /* Apple_Watch WatchKit Extension.appex */ = {isa = PBXFileReference; explicitFileType = "wrapper.app-extension"; includeInIndex = 0; path = "Apple_Watch WatchKit Extension.appex"; sourceTree = BUILT_PRODUCTS_DIR; };
		5A4823631A1E2C9C00D547C7 /* WatchKit.framework */ = {isa = PBXFileReference; lastKnownFileType = wrapper.framework; name = WatchKit.framework; path = System/Library/Frameworks/WatchKit.framework; sourceTree = SDKROOT; };
		5A4823671A1E2C9D00D547C7 /* Info.plist */ = {isa = PBXFileReference; lastKnownFileType = text.plist.xml; path = Info.plist; sourceTree = "<group>"; };
		5A4823681A1E2C9D00D547C7 /* PushNotificationPayload.json */ = {isa = PBXFileReference; lastKnownFileType = text.json; path = PushNotificationPayload.json; sourceTree = "<group>"; };
		5A4823691A1E2C9D00D547C7 /* InterfaceController.swift */ = {isa = PBXFileReference; lastKnownFileType = sourcecode.swift; path = InterfaceController.swift; sourceTree = "<group>"; };
		5A48236B1A1E2C9D00D547C7 /* NotificationController.swift */ = {isa = PBXFileReference; lastKnownFileType = sourcecode.swift; path = NotificationController.swift; sourceTree = "<group>"; };
		5A48236D1A1E2C9D00D547C7 /* GlanceController.swift */ = {isa = PBXFileReference; lastKnownFileType = sourcecode.swift; path = GlanceController.swift; sourceTree = "<group>"; };
		5A48236F1A1E2C9D00D547C7 /* Images.xcassets */ = {isa = PBXFileReference; lastKnownFileType = folder.assetcatalog; path = Images.xcassets; sourceTree = "<group>"; };
		5A4823731A1E2C9D00D547C7 /* Apple_Watch Watch App.app */ = {isa = PBXFileReference; explicitFileType = wrapper.application; includeInIndex = 0; path = "Apple_Watch Watch App.app"; sourceTree = BUILT_PRODUCTS_DIR; };
		5A4823791A1E2C9D00D547C7 /* Info.plist */ = {isa = PBXFileReference; lastKnownFileType = text.plist.xml; path = Info.plist; sourceTree = "<group>"; };
		5A48237A1A1E2C9D00D547C7 /* Interface.storyboard */ = {isa = PBXFileReference; lastKnownFileType = file.storyboard; path = Interface.storyboard; sourceTree = "<group>"; };
		5A48237C1A1E2C9D00D547C7 /* Images.xcassets */ = {isa = PBXFileReference; lastKnownFileType = folder.assetcatalog; path = Images.xcassets; sourceTree = "<group>"; };
		5A4823881A1E423B00D547C7 /* MapKit.framework */ = {isa = PBXFileReference; lastKnownFileType = wrapper.framework; name = MapKit.framework; path = System/Library/Frameworks/MapKit.framework; sourceTree = SDKROOT; };
		5A48238A1A1E424700D547C7 /* CoreLocation.framework */ = {isa = PBXFileReference; lastKnownFileType = wrapper.framework; name = CoreLocation.framework; path = System/Library/Frameworks/CoreLocation.framework; sourceTree = SDKROOT; };
		5AACCC831A1E29300004F09D /* Apple_Watch.app */ = {isa = PBXFileReference; explicitFileType = wrapper.application; includeInIndex = 0; path = Apple_Watch.app; sourceTree = BUILT_PRODUCTS_DIR; };
		5AACCC871A1E29300004F09D /* Info.plist */ = {isa = PBXFileReference; lastKnownFileType = text.plist.xml; path = Info.plist; sourceTree = "<group>"; };
		5AACCC881A1E29300004F09D /* AppDelegate.swift */ = {isa = PBXFileReference; lastKnownFileType = sourcecode.swift; path = AppDelegate.swift; sourceTree = "<group>"; };
		5AACCC8A1A1E29300004F09D /* ViewController.swift */ = {isa = PBXFileReference; lastKnownFileType = sourcecode.swift; path = ViewController.swift; sourceTree = "<group>"; };
		5AACCC8D1A1E29300004F09D /* Base */ = {isa = PBXFileReference; lastKnownFileType = file.storyboard; name = Base; path = Base.lproj/Main.storyboard; sourceTree = "<group>"; };
		5AACCC8F1A1E29300004F09D /* Images.xcassets */ = {isa = PBXFileReference; lastKnownFileType = folder.assetcatalog; path = Images.xcassets; sourceTree = "<group>"; };
		5AACCC921A1E29300004F09D /* Base */ = {isa = PBXFileReference; lastKnownFileType = file.xib; name = Base; path = Base.lproj/LaunchScreen.xib; sourceTree = "<group>"; };
		5AACCC981A1E29300004F09D /* Apple_WatchTests.xctest */ = {isa = PBXFileReference; explicitFileType = wrapper.cfbundle; includeInIndex = 0; path = Apple_WatchTests.xctest; sourceTree = BUILT_PRODUCTS_DIR; };
		5AACCC9D1A1E29300004F09D /* Info.plist */ = {isa = PBXFileReference; lastKnownFileType = text.plist.xml; path = Info.plist; sourceTree = "<group>"; };
		5AACCC9E1A1E29300004F09D /* Apple_WatchTests.swift */ = {isa = PBXFileReference; lastKnownFileType = sourcecode.swift; path = Apple_WatchTests.swift; sourceTree = "<group>"; };
/* End PBXFileReference section */

/* Begin PBXFrameworksBuildPhase section */
		5A48235E1A1E2C9C00D547C7 /* Frameworks */ = {
			isa = PBXFrameworksBuildPhase;
			buildActionMask = 2147483647;
			files = (
				5A4823641A1E2C9C00D547C7 /* WatchKit.framework in Frameworks */,
			);
			runOnlyForDeploymentPostprocessing = 0;
		};
		5AACCC801A1E29300004F09D /* Frameworks */ = {
			isa = PBXFrameworksBuildPhase;
			buildActionMask = 2147483647;
			files = (
				5A48238B1A1E424700D547C7 /* CoreLocation.framework in Frameworks */,
				5A4823891A1E423B00D547C7 /* MapKit.framework in Frameworks */,
			);
			runOnlyForDeploymentPostprocessing = 0;
		};
		5AACCC951A1E29300004F09D /* Frameworks */ = {
			isa = PBXFrameworksBuildPhase;
			buildActionMask = 2147483647;
			files = (
			);
			runOnlyForDeploymentPostprocessing = 0;
		};
/* End PBXFrameworksBuildPhase section */

/* Begin PBXGroup section */
		5A4823621A1E2C9C00D547C7 /* Frameworks */ = {
			isa = PBXGroup;
			children = (
				5A48238A1A1E424700D547C7 /* CoreLocation.framework */,
				5A4823881A1E423B00D547C7 /* MapKit.framework */,
				5A4823631A1E2C9C00D547C7 /* WatchKit.framework */,
			);
			name = Frameworks;
			sourceTree = "<group>";
		};
		5A4823651A1E2C9D00D547C7 /* Apple_Watch WatchKit Extension */ = {
			isa = PBXGroup;
			children = (
				5A4823691A1E2C9D00D547C7 /* InterfaceController.swift */,
				5A48236B1A1E2C9D00D547C7 /* NotificationController.swift */,
				5A48236D1A1E2C9D00D547C7 /* GlanceController.swift */,
				5A48236F1A1E2C9D00D547C7 /* Images.xcassets */,
				5A4823661A1E2C9D00D547C7 /* Supporting Files */,
			);
			path = "Apple_Watch WatchKit Extension";
			sourceTree = "<group>";
		};
		5A4823661A1E2C9D00D547C7 /* Supporting Files */ = {
			isa = PBXGroup;
			children = (
				5A4823671A1E2C9D00D547C7 /* Info.plist */,
				5A4823681A1E2C9D00D547C7 /* PushNotificationPayload.json */,
			);
			name = "Supporting Files";
			sourceTree = "<group>";
		};
		5A4823771A1E2C9D00D547C7 /* Apple_Watch Watch App */ = {
			isa = PBXGroup;
			children = (
				5A48237A1A1E2C9D00D547C7 /* Interface.storyboard */,
				5A48237C1A1E2C9D00D547C7 /* Images.xcassets */,
				5A4823781A1E2C9D00D547C7 /* Supporting Files */,
			);
			path = "Apple_Watch Watch App";
			sourceTree = "<group>";
		};
		5A4823781A1E2C9D00D547C7 /* Supporting Files */ = {
			isa = PBXGroup;
			children = (
				5A4823791A1E2C9D00D547C7 /* Info.plist */,
			);
			name = "Supporting Files";
			sourceTree = "<group>";
		};
		5AACCC7A1A1E29300004F09D = {
			isa = PBXGroup;
			children = (
				5AACCC851A1E29300004F09D /* Apple_Watch */,
				5AACCC9B1A1E29300004F09D /* Apple_WatchTests */,
				5A4823651A1E2C9D00D547C7 /* Apple_Watch WatchKit Extension */,
				5A4823771A1E2C9D00D547C7 /* Apple_Watch Watch App */,
				5A4823621A1E2C9C00D547C7 /* Frameworks */,
				5AACCC841A1E29300004F09D /* Products */,
			);
			sourceTree = "<group>";
		};
		5AACCC841A1E29300004F09D /* Products */ = {
			isa = PBXGroup;
			children = (
				5AACCC831A1E29300004F09D /* Apple_Watch.app */,
				5AACCC981A1E29300004F09D /* Apple_WatchTests.xctest */,
				5A4823611A1E2C9C00D547C7 /* Apple_Watch WatchKit Extension.appex */,
				5A4823731A1E2C9D00D547C7 /* Apple_Watch Watch App.app */,
			);
			name = Products;
			sourceTree = "<group>";
		};
		5AACCC851A1E29300004F09D /* Apple_Watch */ = {
			isa = PBXGroup;
			children = (
				5AACCC881A1E29300004F09D /* AppDelegate.swift */,
				5AACCC8A1A1E29300004F09D /* ViewController.swift */,
				5AACCC8C1A1E29300004F09D /* Main.storyboard */,
				5AACCC8F1A1E29300004F09D /* Images.xcassets */,
				5AACCC911A1E29300004F09D /* LaunchScreen.xib */,
				5AACCC861A1E29300004F09D /* Supporting Files */,
			);
			path = Apple_Watch;
			sourceTree = "<group>";
		};
		5AACCC861A1E29300004F09D /* Supporting Files */ = {
			isa = PBXGroup;
			children = (
				5AACCC871A1E29300004F09D /* Info.plist */,
			);
			name = "Supporting Files";
			sourceTree = "<group>";
		};
		5AACCC9B1A1E29300004F09D /* Apple_WatchTests */ = {
			isa = PBXGroup;
			children = (
				5AACCC9E1A1E29300004F09D /* Apple_WatchTests.swift */,
				5AACCC9C1A1E29300004F09D /* Supporting Files */,
			);
			path = Apple_WatchTests;
			sourceTree = "<group>";
		};
		5AACCC9C1A1E29300004F09D /* Supporting Files */ = {
			isa = PBXGroup;
			children = (
				5AACCC9D1A1E29300004F09D /* Info.plist */,
			);
			name = "Supporting Files";
			sourceTree = "<group>";
		};
/* End PBXGroup section */

/* Begin PBXNativeTarget section */
		5A4823601A1E2C9C00D547C7 /* Apple_Watch WatchKit Extension */ = {
			isa = PBXNativeTarget;
			buildConfigurationList = 5A4823861A1E2C9D00D547C7 /* Build configuration list for PBXNativeTarget "Apple_Watch WatchKit Extension" */;
			buildPhases = (
				5A48235D1A1E2C9C00D547C7 /* Sources */,
				5A48235E1A1E2C9C00D547C7 /* Frameworks */,
				5A48235F1A1E2C9C00D547C7 /* Resources */,
			);
			buildRules = (
			);
			dependencies = (
				5A4823761A1E2C9D00D547C7 /* PBXTargetDependency */,
			);
			name = "Apple_Watch WatchKit Extension";
			productName = "Apple_Watch WatchKit Extension";
			productReference = 5A4823611A1E2C9C00D547C7 /* Apple_Watch WatchKit Extension.appex */;
			productType = "com.apple.product-type.watchkit-extension";
		};
		5A4823721A1E2C9D00D547C7 /* Apple_Watch Watch App */ = {
			isa = PBXNativeTarget;
			buildConfigurationList = 5A4823851A1E2C9D00D547C7 /* Build configuration list for PBXNativeTarget "Apple_Watch Watch App" */;
			buildPhases = (
				5A4823711A1E2C9D00D547C7 /* Resources */,
			);
			buildRules = (
			);
			dependencies = (
			);
			name = "Apple_Watch Watch App";
			productName = "Apple_Watch Watch App";
			productReference = 5A4823731A1E2C9D00D547C7 /* Apple_Watch Watch App.app */;
			productType = "com.apple.product-type.application.watchapp";
		};
		5AACCC821A1E29300004F09D /* Apple_Watch */ = {
			isa = PBXNativeTarget;
			buildConfigurationList = 5AACCCA21A1E29300004F09D /* Build configuration list for PBXNativeTarget "Apple_Watch" */;
			buildPhases = (
				5AACCC7F1A1E29300004F09D /* Sources */,
				5AACCC801A1E29300004F09D /* Frameworks */,
				5AACCC811A1E29300004F09D /* Resources */,
				5A4823871A1E2C9D00D547C7 /* Embed App Extensions */,
			);
			buildRules = (
			);
			dependencies = (
				5A48237F1A1E2C9D00D547C7 /* PBXTargetDependency */,
			);
			name = Apple_Watch;
			productName = Apple_Watch;
			productReference = 5AACCC831A1E29300004F09D /* Apple_Watch.app */;
			productType = "com.apple.product-type.application";
		};
		5AACCC971A1E29300004F09D /* Apple_WatchTests */ = {
			isa = PBXNativeTarget;
			buildConfigurationList = 5AACCCA51A1E29300004F09D /* Build configuration list for PBXNativeTarget "Apple_WatchTests" */;
			buildPhases = (
				5AACCC941A1E29300004F09D /* Sources */,
				5AACCC951A1E29300004F09D /* Frameworks */,
				5AACCC961A1E29300004F09D /* Resources */,
			);
			buildRules = (
			);
			dependencies = (
				5AACCC9A1A1E29300004F09D /* PBXTargetDependency */,
			);
			name = Apple_WatchTests;
			productName = Apple_WatchTests;
			productReference = 5AACCC981A1E29300004F09D /* Apple_WatchTests.xctest */;
			productType = "com.apple.product-type.bundle.unit-test";
		};
/* End PBXNativeTarget section */

/* Begin PBXProject section */
		5AACCC7B1A1E29300004F09D /* Project object */ = {
			isa = PBXProject;
			attributes = {
				LastUpgradeCheck = 0620;
				ORGANIZATIONNAME = Hirokazu;
				TargetAttributes = {
					5A4823601A1E2C9C00D547C7 = {
						CreatedOnToolsVersion = 6.2;
					};
					5A4823721A1E2C9D00D547C7 = {
						CreatedOnToolsVersion = 6.2;
					};
					5AACCC821A1E29300004F09D = {
						CreatedOnToolsVersion = 6.2;
					};
					5AACCC971A1E29300004F09D = {
						CreatedOnToolsVersion = 6.2;
						TestTargetID = 5AACCC821A1E29300004F09D;
					};
				};
			};
			buildConfigurationList = 5AACCC7E1A1E29300004F09D /* Build configuration list for PBXProject "Apple_Watch" */;
			compatibilityVersion = "Xcode 3.2";
			developmentRegion = English;
			hasScannedForEncodings = 0;
			knownRegions = (
				en,
				Base,
			);
			mainGroup = 5AACCC7A1A1E29300004F09D;
			productRefGroup = 5AACCC841A1E29300004F09D /* Products */;
			projectDirPath = "";
			projectRoot = "";
			targets = (
				5AACCC821A1E29300004F09D /* Apple_Watch */,
				5AACCC971A1E29300004F09D /* Apple_WatchTests */,
				5A4823601A1E2C9C00D547C7 /* Apple_Watch WatchKit Extension */,
				5A4823721A1E2C9D00D547C7 /* Apple_Watch Watch App */,
			);
		};
/* End PBXProject section */

/* Begin PBXResourcesBuildPhase section */
		5A48235F1A1E2C9C00D547C7 /* Resources */ = {
			isa = PBXResourcesBuildPhase;
			buildActionMask = 2147483647;
			files = (
				5A4823741A1E2C9D00D547C7 /* Apple_Watch Watch App.app in Resources */,
				5A4823701A1E2C9D00D547C7 /* Images.xcassets in Resources */,
			);
			runOnlyForDeploymentPostprocessing = 0;
		};
		5A4823711A1E2C9D00D547C7 /* Resources */ = {
			isa = PBXResourcesBuildPhase;
			buildActionMask = 2147483647;
			files = (
				5A48237B1A1E2C9D00D547C7 /* Interface.storyboard in Resources */,
				5A48237D1A1E2C9D00D547C7 /* Images.xcassets in Resources */,
			);
			runOnlyForDeploymentPostprocessing = 0;
		};
		5AACCC811A1E29300004F09D /* Resources */ = {
			isa = PBXResourcesBuildPhase;
			buildActionMask = 2147483647;
			files = (
				5AACCC8E1A1E29300004F09D /* Main.storyboard in Resources */,
				5AACCC931A1E29300004F09D /* LaunchScreen.xib in Resources */,
				5AACCC901A1E29300004F09D /* Images.xcassets in Resources */,
			);
			runOnlyForDeploymentPostprocessing = 0;
		};
		5AACCC961A1E29300004F09D /* Resources */ = {
			isa = PBXResourcesBuildPhase;
			buildActionMask = 2147483647;
			files = (
			);
			runOnlyForDeploymentPostprocessing = 0;
		};
/* End PBXResourcesBuildPhase section */

/* Begin PBXSourcesBuildPhase section */
		5A48235D1A1E2C9C00D547C7 /* Sources */ = {
			isa = PBXSourcesBuildPhase;
			buildActionMask = 2147483647;
			files = (
				5A48236C1A1E2C9D00D547C7 /* NotificationController.swift in Sources */,
				5A48236A1A1E2C9D00D547C7 /* InterfaceController.swift in Sources */,
				5A48236E1A1E2C9D00D547C7 /* GlanceController.swift in Sources */,
			);
			runOnlyForDeploymentPostprocessing = 0;
		};
		5AACCC7F1A1E29300004F09D /* Sources */ = {
			isa = PBXSourcesBuildPhase;
			buildActionMask = 2147483647;
			files = (
				5AACCC8B1A1E29300004F09D /* ViewController.swift in Sources */,
				5AACCC891A1E29300004F09D /* AppDelegate.swift in Sources */,
			);
			runOnlyForDeploymentPostprocessing = 0;
		};
		5AACCC941A1E29300004F09D /* Sources */ = {
			isa = PBXSourcesBuildPhase;
			buildActionMask = 2147483647;
			files = (
				5AACCC9F1A1E29300004F09D /* Apple_WatchTests.swift in Sources */,
			);
			runOnlyForDeploymentPostprocessing = 0;
		};
/* End PBXSourcesBuildPhase section */

/* Begin PBXTargetDependency section */
		5A4823761A1E2C9D00D547C7 /* PBXTargetDependency */ = {
			isa = PBXTargetDependency;
			target = 5A4823721A1E2C9D00D547C7 /* Apple_Watch Watch App */;
			targetProxy = 5A4823751A1E2C9D00D547C7 /* PBXContainerItemProxy */;
		};
		5A48237F1A1E2C9D00D547C7 /* PBXTargetDependency */ = {
			isa = PBXTargetDependency;
			target = 5A4823601A1E2C9C00D547C7 /* Apple_Watch WatchKit Extension */;
			targetProxy = 5A48237E1A1E2C9D00D547C7 /* PBXContainerItemProxy */;
		};
		5AACCC9A1A1E29300004F09D /* PBXTargetDependency */ = {
			isa = PBXTargetDependency;
			target = 5AACCC821A1E29300004F09D /* Apple_Watch */;
			targetProxy = 5AACCC991A1E29300004F09D /* PBXContainerItemProxy */;
		};
/* End PBXTargetDependency section */

/* Begin PBXVariantGroup section */
		5AACCC8C1A1E29300004F09D /* Main.storyboard */ = {
			isa = PBXVariantGroup;
			children = (
				5AACCC8D1A1E29300004F09D /* Base */,
			);
			name = Main.storyboard;
			sourceTree = "<group>";
		};
		5AACCC911A1E29300004F09D /* LaunchScreen.xib */ = {
			isa = PBXVariantGroup;
			children = (
				5AACCC921A1E29300004F09D /* Base */,
			);
			name = LaunchScreen.xib;
			sourceTree = "<group>";
		};
/* End PBXVariantGroup section */

/* Begin XCBuildConfiguration section */
		5A4823811A1E2C9D00D547C7 /* Debug */ = {
			isa = XCBuildConfiguration;
			buildSettings = {
				GCC_PREPROCESSOR_DEFINITIONS = (
					"DEBUG=1",
					"$(inherited)",
				);
				INFOPLIST_FILE = "Apple_Watch WatchKit Extension/Info.plist";
				LD_RUNPATH_SEARCH_PATHS = "$(inherited) @executable_path/Frameworks @executable_path/../../Frameworks";
				PRODUCT_NAME = "${TARGET_NAME}";
				SKIP_INSTALL = YES;
			};
			name = Debug;
		};
		5A4823821A1E2C9D00D547C7 /* Release */ = {
			isa = XCBuildConfiguration;
			buildSettings = {
				INFOPLIST_FILE = "Apple_Watch WatchKit Extension/Info.plist";
				LD_RUNPATH_SEARCH_PATHS = "$(inherited) @executable_path/Frameworks @executable_path/../../Frameworks";
				PRODUCT_NAME = "${TARGET_NAME}";
				SKIP_INSTALL = YES;
			};
			name = Release;
		};
		5A4823831A1E2C9D00D547C7 /* Debug */ = {
			isa = XCBuildConfiguration;
			buildSettings = {
				ASSETCATALOG_COMPILER_APPICON_NAME = AppIcon;
				ASSETCATALOG_COMPILER_LAUNCHIMAGE_NAME = LaunchImage;
				GCC_PREPROCESSOR_DEFINITIONS = (
					"DEBUG=1",
					"$(inherited)",
				);
				IBSC_MODULE = Apple_Watch_WatchKit_Extension;
				INFOPLIST_FILE = "Apple_Watch Watch App/Info.plist";
				PRODUCT_NAME = "$(TARGET_NAME)";
				SKIP_INSTALL = YES;
				TARGETED_DEVICE_FAMILY = 4;
				"TARGETED_DEVICE_FAMILY[sdk=iphonesimulator*]" = "1,4";
			};
			name = Debug;
		};
		5A4823841A1E2C9D00D547C7 /* Release */ = {
			isa = XCBuildConfiguration;
			buildSettings = {
				ASSETCATALOG_COMPILER_APPICON_NAME = AppIcon;
				ASSETCATALOG_COMPILER_LAUNCHIMAGE_NAME = LaunchImage;
				IBSC_MODULE = Apple_Watch_WatchKit_Extension;
				INFOPLIST_FILE = "Apple_Watch Watch App/Info.plist";
				PRODUCT_NAME = "$(TARGET_NAME)";
				SKIP_INSTALL = YES;
				TARGETED_DEVICE_FAMILY = 4;
				"TARGETED_DEVICE_FAMILY[sdk=iphonesimulator*]" = "1,4";
			};
			name = Release;
		};
		5AACCCA01A1E29300004F09D /* Debug */ = {
			isa = XCBuildConfiguration;
			buildSettings = {
				ALWAYS_SEARCH_USER_PATHS = NO;
				CLANG_CXX_LANGUAGE_STANDARD = "gnu++0x";
				CLANG_CXX_LIBRARY = "libc++";
				CLANG_ENABLE_MODULES = YES;
				CLANG_ENABLE_OBJC_ARC = YES;
				CLANG_WARN_BOOL_CONVERSION = YES;
				CLANG_WARN_CONSTANT_CONVERSION = YES;
				CLANG_WARN_DIRECT_OBJC_ISA_USAGE = YES_ERROR;
				CLANG_WARN_EMPTY_BODY = YES;
				CLANG_WARN_ENUM_CONVERSION = YES;
				CLANG_WARN_INT_CONVERSION = YES;
				CLANG_WARN_OBJC_ROOT_CLASS = YES_ERROR;
				CLANG_WARN_UNREACHABLE_CODE = YES;
				CLANG_WARN__DUPLICATE_METHOD_MATCH = YES;
				"CODE_SIGN_IDENTITY[sdk=iphoneos*]" = "iPhone Developer";
				COPY_PHASE_STRIP = NO;
				ENABLE_STRICT_OBJC_MSGSEND = YES;
				GCC_C_LANGUAGE_STANDARD = gnu99;
				GCC_DYNAMIC_NO_PIC = NO;
				GCC_OPTIMIZATION_LEVEL = 0;
				GCC_PREPROCESSOR_DEFINITIONS = (
					"DEBUG=1",
					"$(inherited)",
				);
				GCC_SYMBOLS_PRIVATE_EXTERN = NO;
				GCC_WARN_64_TO_32_BIT_CONVERSION = YES;
				GCC_WARN_ABOUT_RETURN_TYPE = YES_ERROR;
				GCC_WARN_UNDECLARED_SELECTOR = YES;
				GCC_WARN_UNINITIALIZED_AUTOS = YES_AGGRESSIVE;
				GCC_WARN_UNUSED_FUNCTION = YES;
				GCC_WARN_UNUSED_VARIABLE = YES;
				IPHONEOS_DEPLOYMENT_TARGET = 8.2;
				MTL_ENABLE_DEBUG_INFO = YES;
				ONLY_ACTIVE_ARCH = YES;
				SDKROOT = iphoneos;
				SWIFT_OPTIMIZATION_LEVEL = "-Onone";
			};
			name = Debug;
		};
		5AACCCA11A1E29300004F09D /* Release */ = {
			isa = XCBuildConfiguration;
			buildSettings = {
				ALWAYS_SEARCH_USER_PATHS = NO;
				CLANG_CXX_LANGUAGE_STANDARD = "gnu++0x";
				CLANG_CXX_LIBRARY = "libc++";
				CLANG_ENABLE_MODULES = YES;
				CLANG_ENABLE_OBJC_ARC = YES;
				CLANG_WARN_BOOL_CONVERSION = YES;
				CLANG_WARN_CONSTANT_CONVERSION = YES;
				CLANG_WARN_DIRECT_OBJC_ISA_USAGE = YES_ERROR;
				CLANG_WARN_EMPTY_BODY = YES;
				CLANG_WARN_ENUM_CONVERSION = YES;
				CLANG_WARN_INT_CONVERSION = YES;
				CLANG_WARN_OBJC_ROOT_CLASS = YES_ERROR;
				CLANG_WARN_UNREACHABLE_CODE = YES;
				CLANG_WARN__DUPLICATE_METHOD_MATCH = YES;
				"CODE_SIGN_IDENTITY[sdk=iphoneos*]" = "iPhone Developer";
				COPY_PHASE_STRIP = YES;
				ENABLE_NS_ASSERTIONS = NO;
				ENABLE_STRICT_OBJC_MSGSEND = YES;
				GCC_C_LANGUAGE_STANDARD = gnu99;
				GCC_WARN_64_TO_32_BIT_CONVERSION = YES;
				GCC_WARN_ABOUT_RETURN_TYPE = YES_ERROR;
				GCC_WARN_UNDECLARED_SELECTOR = YES;
				GCC_WARN_UNINITIALIZED_AUTOS = YES_AGGRESSIVE;
				GCC_WARN_UNUSED_FUNCTION = YES;
				GCC_WARN_UNUSED_VARIABLE = YES;
				IPHONEOS_DEPLOYMENT_TARGET = 8.2;
				MTL_ENABLE_DEBUG_INFO = NO;
				SDKROOT = iphoneos;
				VALIDATE_PRODUCT = YES;
			};
			name = Release;
		};
		5AACCCA31A1E29300004F09D /* Debug */ = {
			isa = XCBuildConfiguration;
			buildSettings = {
				ASSETCATALOG_COMPILER_APPICON_NAME = AppIcon;
				EMBEDDED_CONTENT_CONTAINS_SWIFT = YES;
				INFOPLIST_FILE = Apple_Watch/Info.plist;
				LD_RUNPATH_SEARCH_PATHS = "$(inherited) @executable_path/Frameworks";
				PRODUCT_NAME = "$(TARGET_NAME)";
			};
			name = Debug;
		};
		5AACCCA41A1E29300004F09D /* Release */ = {
			isa = XCBuildConfiguration;
			buildSettings = {
				ASSETCATALOG_COMPILER_APPICON_NAME = AppIcon;
				EMBEDDED_CONTENT_CONTAINS_SWIFT = YES;
				INFOPLIST_FILE = Apple_Watch/Info.plist;
				LD_RUNPATH_SEARCH_PATHS = "$(inherited) @executable_path/Frameworks";
				PRODUCT_NAME = "$(TARGET_NAME)";
			};
			name = Release;
		};
		5AACCCA61A1E29300004F09D /* Debug */ = {
			isa = XCBuildConfiguration;
			buildSettings = {
				BUNDLE_LOADER = "$(TEST_HOST)";
				FRAMEWORK_SEARCH_PATHS = (
					"$(SDKROOT)/Developer/Library/Frameworks",
					"$(inherited)",
				);
				GCC_PREPROCESSOR_DEFINITIONS = (
					"DEBUG=1",
					"$(inherited)",
				);
				INFOPLIST_FILE = Apple_WatchTests/Info.plist;
				LD_RUNPATH_SEARCH_PATHS = "$(inherited) @executable_path/Frameworks @loader_path/Frameworks";
				PRODUCT_NAME = "$(TARGET_NAME)";
				TEST_HOST = "$(BUILT_PRODUCTS_DIR)/Apple_Watch.app/Apple_Watch";
			};
			name = Debug;
		};
		5AACCCA71A1E29300004F09D /* Release */ = {
			isa = XCBuildConfiguration;
			buildSettings = {
				BUNDLE_LOADER = "$(TEST_HOST)";
				FRAMEWORK_SEARCH_PATHS = (
					"$(SDKROOT)/Developer/Library/Frameworks",
					"$(inherited)",
				);
				INFOPLIST_FILE = Apple_WatchTests/Info.plist;
				LD_RUNPATH_SEARCH_PATHS = "$(inherited) @executable_path/Frameworks @loader_path/Frameworks";
				PRODUCT_NAME = "$(TARGET_NAME)";
				TEST_HOST = "$(BUILT_PRODUCTS_DIR)/Apple_Watch.app/Apple_Watch";
			};
			name = Release;
		};
/* End XCBuildConfiguration section */

/* Begin XCConfigurationList section */
		5A4823851A1E2C9D00D547C7 /* Build configuration list for PBXNativeTarget "Apple_Watch Watch App" */ = {
			isa = XCConfigurationList;
			buildConfigurations = (
				5A4823831A1E2C9D00D547C7 /* Debug */,
				5A4823841A1E2C9D00D547C7 /* Release */,
			);
			defaultConfigurationIsVisible = 0;
		};
		5A4823861A1E2C9D00D547C7 /* Build configuration list for PBXNativeTarget "Apple_Watch WatchKit Extension" */ = {
			isa = XCConfigurationList;
			buildConfigurations = (
				5A4823811A1E2C9D00D547C7 /* Debug */,
				5A4823821A1E2C9D00D547C7 /* Release */,
			);
			defaultConfigurationIsVisible = 0;
		};
		5AACCC7E1A1E29300004F09D /* Build configuration list for PBXProject "Apple_Watch" */ = {
			isa = XCConfigurationList;
			buildConfigurations = (
				5AACCCA01A1E29300004F09D /* Debug */,
				5AACCCA11A1E29300004F09D /* Release */,
			);
			defaultConfigurationIsVisible = 0;
			defaultConfigurationName = Release;
		};
		5AACCCA21A1E29300004F09D /* Build configuration list for PBXNativeTarget "Apple_Watch" */ = {
			isa = XCConfigurationList;
			buildConfigurations = (
				5AACCCA31A1E29300004F09D /* Debug */,
				5AACCCA41A1E29300004F09D /* Release */,
			);
			defaultConfigurationIsVisible = 0;
			defaultConfigurationName = Release;
		};
		5AACCCA51A1E29300004F09D /* Build configuration list for PBXNativeTarget "Apple_WatchTests" */ = {
			isa = XCConfigurationList;
			buildConfigurations = (
				5AACCCA61A1E29300004F09D /* Debug */,
				5AACCCA71A1E29300004F09D /* Release */,
			);
			defaultConfigurationIsVisible = 0;
			defaultConfigurationName = Release;
		};
/* End XCConfigurationList section */
	};
	rootObject = 5AACCC7B1A1E29300004F09D /* Project object */;
}
